
Microsoft Visual Studio Solution File, Format Version 12.00
# Visual Studio Version 16
VisualStudioVersion = 16.0.29519.181
MinimumVisualStudioVersion = 10.0.40219.1
Project("{FAE04EC0-301F-11D3-BF4B-00C04F79EFBC}") = "XmlTransformation", "XmlTransformation.csproj", "{D1C32646-AF84-4258-847E-8773D100BE52}"
EndProject
Global
	GlobalSection(SolutionConfigurationPlatforms) = preSolution
		Debug|Any CPU = Debug|Any CPU
		Release|Any CPU = Release|Any CPU
	EndGlobalSection
	GlobalSection(ProjectConfigurationPlatforms) = postSolution
		{D1C32646-AF84-4258-847E-8773D100BE52}.Debug|Any CPU.ActiveCfg = Debug|Any CPU
		{D1C32646-AF84-4258-847E-8773D100BE52}.Debug|Any CPU.Build.0 = Debug|Any CPU
		{D1C32646-AF84-4258-847E-8773D100BE52}.Release|Any CPU.ActiveCfg = Release|Any CPU
		{D1C32646-AF84-4258-847E-8773D100BE52}.Release|Any CPU.Build.0 = Release|Any CPU
	EndGlobalSection
	GlobalSection(SolutionProperties) = preSolution
		HideSolutionNode = FALSE
	EndGlobalSection
	GlobalSection(ExtensibilityGlobals) = postSolution
		SolutionGuid = {1464642D-D5D9-48DE-8F66-AB2C95649C89}
	EndGlobalSection
EndGlobal
